
Microsoft Visual Studio Solution File, Format Version 11.00
# Visual Studio 2010
Project("{8BC9CEB8-8B4A-11D0-8D11-00A0C91BC942}") = "img2tiff", "img2tiff\img2tiff.vcxproj", "{B627E39B-CF4F-469A-88CA-3FD7D76E8B0F}"
EndProject
Global
	GlobalSection(SolutionConfigurationPlatforms) = preSolution
		Debug|Win32 = Debug|Win32
		Release|Win32 = Release|Win32
	EndGlobalSection
	GlobalSection(ProjectConfigurationPlatforms) = postSolution
		{B627E39B-CF4F-469A-88CA-3FD7D76E8B0F}.Debug|Win32.ActiveCfg = Debug|Win32
		{B627E39B-CF4F-469A-88CA-3FD7D76E8B0F}.Debug|Win32.Build.0 = Debug|Win32
		{B627E39B-CF4F-469A-88CA-3FD7D76E8B0F}.Release|Win32.ActiveCfg = Release|Win32
		{B627E39B-CF4F-469A-88CA-3FD7D76E8B0F}.Release|Win32.Build.0 = Release|Win32
	EndGlobalSection
	GlobalSection(SolutionProperties) = preSolution
		HideSolutionNode = FALSE
	EndGlobalSection
EndGlobal
